
Microsoft Visual Studio Solution File, Format Version 9.00
# Visual Studio 2005
Project("{8BC9CEB8-8B4A-11D0-8D11-00A0C91BC942}") = "tunneler", "tunneler.vcproj", "{6F56ACB2-453B-4423-A565-298139BB3B31}"
EndProject
Global
	GlobalSection(SolutionConfigurationPlatforms) = preSolution
		Debug|Win32 = Debug|Win32
		Release|Win32 = Release|Win32
	EndGlobalSection
	GlobalSection(ProjectConfigurationPlatforms) = postSolution
		{6F56ACB2-453B-4423-A565-298139BB3B31}.Debug|Win32.ActiveCfg = Debug|Win32
		{6F56ACB2-453B-4423-A565-298139BB3B31}.Debug|Win32.Build.0 = Debug|Win32
		{6F56ACB2-453B-4423-A565-298139BB3B31}.Release|Win32.ActiveCfg = Release|Win32
		{6F56ACB2-453B-4423-A565-298139BB3B31}.Release|Win32.Build.0 = Release|Win32
	EndGlobalSection
	GlobalSection(SolutionProperties) = preSolution
		HideSolutionNode = FALSE
	EndGlobalSection
EndGlobal
